
Microsoft Visual Studio Solution File, Format Version 12.00
# Visual Studio Version 17
VisualStudioVersion = 17.2.32602.215
MinimumVisualStudioVersion = 10.0.40219.1
Project("{9A19103F-16F7-4668-BE54-9A1E7A4F7556}") = "Quiz", "Quiz.csproj", "{31BB77CB-8927-4019-BE61-9D4BF00D1150}"
EndProject
Project("{9A19103F-16F7-4668-BE54-9A1E7A4F7556}") = "Quiz.core", "..\Quiz.core\Quiz.core.csproj", "{EFFD55F7-A53F-4B5B-8A25-7736F9AA9736}"
EndProject
Global
	GlobalSection(SolutionConfigurationPlatforms) = preSolution
		Debug|Any CPU = Debug|Any CPU
		Release|Any CPU = Release|Any CPU
	EndGlobalSection
	GlobalSection(ProjectConfigurationPlatforms) = postSolution
		{31BB77CB-8927-4019-BE61-9D4BF00D1150}.Debug|Any CPU.ActiveCfg = Debug|Any CPU
		{31BB77CB-8927-4019-BE61-9D4BF00D1150}.Debug|Any CPU.Build.0 = Debug|Any CPU
		{31BB77CB-8927-4019-BE61-9D4BF00D1150}.Release|Any CPU.ActiveCfg = Release|Any CPU
		{31BB77CB-8927-4019-BE61-9D4BF00D1150}.Release|Any CPU.Build.0 = Release|Any CPU
		{EFFD55F7-A53F-4B5B-8A25-7736F9AA9736}.Debug|Any CPU.ActiveCfg = Debug|Any CPU
		{EFFD55F7-A53F-4B5B-8A25-7736F9AA9736}.Debug|Any CPU.Build.0 = Debug|Any CPU
		{EFFD55F7-A53F-4B5B-8A25-7736F9AA9736}.Release|Any CPU.ActiveCfg = Release|Any CPU
		{EFFD55F7-A53F-4B5B-8A25-7736F9AA9736}.Release|Any CPU.Build.0 = Release|Any CPU
	EndGlobalSection
	GlobalSection(SolutionProperties) = preSolution
		HideSolutionNode = FALSE
	EndGlobalSection
	GlobalSection(ExtensibilityGlobals) = postSolution
		SolutionGuid = {5A24DA9C-DBF8-4DE1-8F64-010F7DF3202A}
	EndGlobalSection
EndGlobal
